// !$*UTF8*$!
{
	archiveVersion = 1;
	classes = {
	};
	objectVersion = 48;
	objects = {

/* Begin PBXBuildFile section */
		1CAB2B983214AFE0E3524050 /* Pods_Flix_ios_w1_1.framework in Frameworks */ = {isa = PBXBuildFile; fileRef = 3F8D0F76F3D379B4F495745B /* Pods_Flix_ios_w1_1.framework */; };
		756F685C670CFF352EFFEBD8 /* Pods_Flix_ios_w1_1Tests.framework in Frameworks */ = {isa = PBXBuildFile; fileRef = BD785D730A55DC07BCB627DB /* Pods_Flix_ios_w1_1Tests.framework */; };
		8EA94EB0EA475FC4514756F5 /* Pods_Flix_ios_w1_1UITests.framework in Frameworks */ = {isa = PBXBuildFile; fileRef = 0FDBB2528CB9433EA8A8BD8B /* Pods_Flix_ios_w1_1UITests.framework */; };
		B9738001214642B00032F9B6 /* DetailViewController.swift in Sources */ = {isa = PBXBuildFile; fileRef = B9738000214642B00032F9B6 /* DetailViewController.swift */; };
		B97F98BD214072290083332C /* MovieCell.swift in Sources */ = {isa = PBXBuildFile; fileRef = B97F98BC214072290083332C /* MovieCell.swift */; };
		B97F98BF2140AC520083332C /* NowPlayingViewController.swift in Sources */ = {isa = PBXBuildFile; fileRef = B97F98BE2140AC520083332C /* NowPlayingViewController.swift */; };
		B9AB0327213BC4A2001F14EA /* AppDelegate.swift in Sources */ = {isa = PBXBuildFile; fileRef = B9AB0326213BC4A2001F14EA /* AppDelegate.swift */; };
		B9AB032C213BC4A2001F14EA /* Main.storyboard in Resources */ = {isa = PBXBuildFile; fileRef = B9AB032A213BC4A2001F14EA /* Main.storyboard */; };
		B9AB032E213BC4A2001F14EA /* Assets.xcassets in Resources */ = {isa = PBXBuildFile; fileRef = B9AB032D213BC4A2001F14EA /* Assets.xcassets */; };
		B9AB0331213BC4A2001F14EA /* LaunchScreen.storyboard in Resources */ = {isa = PBXBuildFile; fileRef = B9AB032F213BC4A2001F14EA /* LaunchScreen.storyboard */; };
		B9AB033C213BC4A2001F14EA /* Flix_ios_w1_1Tests.swift in Sources */ = {isa = PBXBuildFile; fileRef = B9AB033B213BC4A2001F14EA /* Flix_ios_w1_1Tests.swift */; };
		B9AB0347213BC4A2001F14EA /* Flix_ios_w1_1UITests.swift in Sources */ = {isa = PBXBuildFile; fileRef = B9AB0346213BC4A2001F14EA /* Flix_ios_w1_1UITests.swift */; };
/* End PBXBuildFile section */

/* Begin PBXContainerItemProxy section */
		B9AB0338213BC4A2001F14EA /* PBXContainerItemProxy */ = {
			isa = PBXContainerItemProxy;
			containerPortal = B9AB031B213BC4A2001F14EA /* Project object */;
			proxyType = 1;
			remoteGlobalIDString = B9AB0322213BC4A2001F14EA;
			remoteInfo = Flix_ios_w1.1;
		};
		B9AB0343213BC4A2001F14EA /* PBXContainerItemProxy */ = {
			isa = PBXContainerItemProxy;
			containerPortal = B9AB031B213BC4A2001F14EA /* Project object */;
			proxyType = 1;
			remoteGlobalIDString = B9AB0322213BC4A2001F14EA;
			remoteInfo = Flix_ios_w1.1;
		};
/* End PBXContainerItemProxy section */

/* Begin PBXFileReference section */
		0FDBB2528CB9433EA8A8BD8B /* Pods_Flix_ios_w1_1UITests.framework */ = {isa = PBXFileReference; explicitFileType = wrapper.framework; includeInIndex = 0; path = Pods_Flix_ios_w1_1UITests.framework; sourceTree = BUILT_PRODUCTS_DIR; };
		3F8D0F76F3D379B4F495745B /* Pods_Flix_ios_w1_1.framework */ = {isa = PBXFileReference; explicitFileType = wrapper.framework; includeInIndex = 0; path = Pods_Flix_ios_w1_1.framework; sourceTree = BUILT_PRODUCTS_DIR; };
		4222C041E373F6D861E48C38 /* Pods-Flix_ios_w1.1Tests.debug.xcconfig */ = {isa = PBXFileReference; includeInIndex = 1; lastKnownFileType = text.xcconfig; name = "Pods-Flix_ios_w1.1Tests.debug.xcconfig"; path = "Pods/Target Support Files/Pods-Flix_ios_w1.1Tests/Pods-Flix_ios_w1.1Tests.debug.xcconfig"; sourceTree = "<group>"; };
		59F23943C0CB20B6CC6A9E9F /* Pods-Flix_ios_w1.1UITests.debug.xcconfig */ = {isa = PBXFileReference; includeInIndex = 1; lastKnownFileType = text.xcconfig; name = "Pods-Flix_ios_w1.1UITests.debug.xcconfig"; path = "Pods/Target Support Files/Pods-Flix_ios_w1.1UITests/Pods-Flix_ios_w1.1UITests.debug.xcconfig"; sourceTree = "<group>"; };
		858C56D7E808EF0DDFD11498 /* Pods-Flix_ios_w1.1UITests.release.xcconfig */ = {isa = PBXFileReference; includeInIndex = 1; lastKnownFileType = text.xcconfig; name = "Pods-Flix_ios_w1.1UITests.release.xcconfig"; path = "Pods/Target Support Files/Pods-Flix_ios_w1.1UITests/Pods-Flix_ios_w1.1UITests.release.xcconfig"; sourceTree = "<group>"; };
		931EC0D35CFED23404BACCEA /* Pods-Flix_ios_w1.1.release.xcconfig */ = {isa = PBXFileReference; includeInIndex = 1; lastKnownFileType = text.xcconfig; name = "Pods-Flix_ios_w1.1.release.xcconfig"; path = "Pods/Target Support Files/Pods-Flix_ios_w1.1/Pods-Flix_ios_w1.1.release.xcconfig"; sourceTree = "<group>"; };
		B5A167AFB28A667AC2A7C0F0 /* Pods-Flix_ios_w1.1.debug.xcconfig */ = {isa = PBXFileReference; includeInIndex = 1; lastKnownFileType = text.xcconfig; name = "Pods-Flix_ios_w1.1.debug.xcconfig"; path = "Pods/Target Support Files/Pods-Flix_ios_w1.1/Pods-Flix_ios_w1.1.debug.xcconfig"; sourceTree = "<group>"; };
		B9738000214642B00032F9B6 /* DetailViewController.swift */ = {isa = PBXFileReference; lastKnownFileType = sourcecode.swift; path = DetailViewController.swift; sourceTree = "<group>"; };
		B97F98BC214072290083332C /* MovieCell.swift */ = {isa = PBXFileReference; lastKnownFileType = sourcecode.swift; path = MovieCell.swift; sourceTree = "<group>"; };
		B97F98BE2140AC520083332C /* NowPlayingViewController.swift */ = {isa = PBXFileReference; lastKnownFileType = sourcecode.swift; path = NowPlayingViewController.swift; sourceTree = "<group>"; };
		B9AB0323213BC4A2001F14EA /* Flix_ios_w1.1.app */ = {isa = PBXFileReference; explicitFileType = wrapper.application; includeInIndex = 0; path = Flix_ios_w1.1.app; sourceTree = BUILT_PRODUCTS_DIR; };
		B9AB0326213BC4A2001F14EA /* AppDelegate.swift */ = {isa = PBXFileReference; lastKnownFileType = sourcecode.swift; path = AppDelegate.swift; sourceTree = "<group>"; };
		B9AB032B213BC4A2001F14EA /* Base */ = {isa = PBXFileReference; lastKnownFileType = file.storyboard; name = Base; path = Base.lproj/Main.storyboard; sourceTree = "<group>"; };
		B9AB032D213BC4A2001F14EA /* Assets.xcassets */ = {isa = PBXFileReference; lastKnownFileType = folder.assetcatalog; path = Assets.xcassets; sourceTree = "<group>"; };
		B9AB0330213BC4A2001F14EA /* Base */ = {isa = PBXFileReference; lastKnownFileType = file.storyboard; name = Base; path = Base.lproj/LaunchScreen.storyboard; sourceTree = "<group>"; };
		B9AB0332213BC4A2001F14EA /* Info.plist */ = {isa = PBXFileReference; lastKnownFileType = text.plist.xml; path = Info.plist; sourceTree = "<group>"; };
		B9AB0337213BC4A2001F14EA /* Flix_ios_w1.1Tests.xctest */ = {isa = PBXFileReference; explicitFileType = wrapper.cfbundle; includeInIndex = 0; path = Flix_ios_w1.1Tests.xctest; sourceTree = BUILT_PRODUCTS_DIR; };
		B9AB033B213BC4A2001F14EA /* Flix_ios_w1_1Tests.swift */ = {isa = PBXFileReference; lastKnownFileType = sourcecode.swift; path = Flix_ios_w1_1Tests.swift; sourceTree = "<group>"; };
		B9AB033D213BC4A2001F14EA /* Info.plist */ = {isa = PBXFileReference; lastKnownFileType = text.plist.xml; path = Info.plist; sourceTree = "<group>"; };
		B9AB0342213BC4A2001F14EA /* Flix_ios_w1.1UITests.xctest */ = {isa = PBXFileReference; explicitFileType = wrapper.cfbundle; includeInIndex = 0; path = Flix_ios_w1.1UITests.xctest; sourceTree = BUILT_PRODUCTS_DIR; };
		B9AB0346213BC4A2001F14EA /* Flix_ios_w1_1UITests.swift */ = {isa = PBXFileReference; lastKnownFileType = sourcecode.swift; path = Flix_ios_w1_1UITests.swift; sourceTree = "<group>"; };
		B9AB0348213BC4A2001F14EA /* Info.plist */ = {isa = PBXFileReference; lastKnownFileType = text.plist.xml; path = Info.plist; sourceTree = "<group>"; };
		BD785D730A55DC07BCB627DB /* Pods_Flix_ios_w1_1Tests.framework */ = {isa = PBXFileReference; explicitFileType = wrapper.framework; includeInIndex = 0; path = Pods_Flix_ios_w1_1Tests.framework; sourceTree = BUILT_PRODUCTS_DIR; };
		D0032B431E0ACF023EBACDFA /* Pods-Flix_ios_w1.1Tests.release.xcconfig */ = {isa = PBXFileReference; includeInIndex = 1; lastKnownFileType = text.xcconfig; name = "Pods-Flix_ios_w1.1Tests.release.xcconfig"; path = "Pods/Target Support Files/Pods-Flix_ios_w1.1Tests/Pods-Flix_ios_w1.1Tests.release.xcconfig"; sourceTree = "<group>"; };
/* End PBXFileReference section */

/* Begin PBXFrameworksBuildPhase section */
		B9AB0320213BC4A2001F14EA /* Frameworks */ = {
			isa = PBXFrameworksBuildPhase;
			buildActionMask = 2147483647;
			files = (
				1CAB2B983214AFE0E3524050 /* Pods_Flix_ios_w1_1.framework in Frameworks */,
			);
			runOnlyForDeploymentPostprocessing = 0;
		};
		B9AB0334213BC4A2001F14EA /* Frameworks */ = {
			isa = PBXFrameworksBuildPhase;
			buildActionMask = 2147483647;
			files = (
				756F685C670CFF352EFFEBD8 /* Pods_Flix_ios_w1_1Tests.framework in Frameworks */,
			);
			runOnlyForDeploymentPostprocessing = 0;
		};
		B9AB033F213BC4A2001F14EA /* Frameworks */ = {
			isa = PBXFrameworksBuildPhase;
			buildActionMask = 2147483647;
			files = (
				8EA94EB0EA475FC4514756F5 /* Pods_Flix_ios_w1_1UITests.framework in Frameworks */,
			);
			runOnlyForDeploymentPostprocessing = 0;
		};
/* End PBXFrameworksBuildPhase section */

/* Begin PBXGroup section */
		B9737FFE2146423B0032F9B6 /* ViewControllers */ = {
			isa = PBXGroup;
			children = (
				B97F98BE2140AC520083332C /* NowPlayingViewController.swift */,
				B9738000214642B00032F9B6 /* DetailViewController.swift */,
			);
			path = ViewControllers;
			sourceTree = "<group>";
		};
		B9737FFF214642560032F9B6 /* View */ = {
			isa = PBXGroup;
			children = (
				B97F98BC214072290083332C /* MovieCell.swift */,
			);
			path = View;
			sourceTree = "<group>";
		};
		B9AB031A213BC4A2001F14EA = {
			isa = PBXGroup;
			children = (
				B9AB0325213BC4A2001F14EA /* Flix_ios_w1.1 */,
				B9AB033A213BC4A2001F14EA /* Flix_ios_w1.1Tests */,
				B9AB0345213BC4A2001F14EA /* Flix_ios_w1.1UITests */,
				B9AB0324213BC4A2001F14EA /* Products */,
				D25E0A7C659FF9898E3C1BEE /* Pods */,
				C4012B38B1063A0E8C018252 /* Frameworks */,
			);
			sourceTree = "<group>";
		};
		B9AB0324213BC4A2001F14EA /* Products */ = {
			isa = PBXGroup;
			children = (
				B9AB0323213BC4A2001F14EA /* Flix_ios_w1.1.app */,
				B9AB0337213BC4A2001F14EA /* Flix_ios_w1.1Tests.xctest */,
				B9AB0342213BC4A2001F14EA /* Flix_ios_w1.1UITests.xctest */,
			);
			name = Products;
			sourceTree = "<group>";
		};
		B9AB0325213BC4A2001F14EA /* Flix_ios_w1.1 */ = {
			isa = PBXGroup;
			children = (
				B9737FFF214642560032F9B6 /* View */,
				B9737FFE2146423B0032F9B6 /* ViewControllers */,
				B9AB0326213BC4A2001F14EA /* AppDelegate.swift */,
				B9AB032A213BC4A2001F14EA /* Main.storyboard */,
				B9AB032D213BC4A2001F14EA /* Assets.xcassets */,
				B9AB032F213BC4A2001F14EA /* LaunchScreen.storyboard */,
				B9AB0332213BC4A2001F14EA /* Info.plist */,
			);
			path = Flix_ios_w1.1;
			sourceTree = "<group>";
		};
		B9AB033A213BC4A2001F14EA /* Flix_ios_w1.1Tests */ = {
			isa = PBXGroup;
			children = (
				B9AB033B213BC4A2001F14EA /* Flix_ios_w1_1Tests.swift */,
				B9AB033D213BC4A2001F14EA /* Info.plist */,
			);
			path = Flix_ios_w1.1Tests;
			sourceTree = "<group>";
		};
		B9AB0345213BC4A2001F14EA /* Flix_ios_w1.1UITests */ = {
			isa = PBXGroup;
			children = (
				B9AB0346213BC4A2001F14EA /* Flix_ios_w1_1UITests.swift */,
				B9AB0348213BC4A2001F14EA /* Info.plist */,
			);
			path = Flix_ios_w1.1UITests;
			sourceTree = "<group>";
		};
		C4012B38B1063A0E8C018252 /* Frameworks */ = {
			isa = PBXGroup;
			children = (
				3F8D0F76F3D379B4F495745B /* Pods_Flix_ios_w1_1.framework */,
				BD785D730A55DC07BCB627DB /* Pods_Flix_ios_w1_1Tests.framework */,
				0FDBB2528CB9433EA8A8BD8B /* Pods_Flix_ios_w1_1UITests.framework */,
			);
			name = Frameworks;
			sourceTree = "<group>";
		};
		D25E0A7C659FF9898E3C1BEE /* Pods */ = {
			isa = PBXGroup;
			children = (
				B5A167AFB28A667AC2A7C0F0 /* Pods-Flix_ios_w1.1.debug.xcconfig */,
				931EC0D35CFED23404BACCEA /* Pods-Flix_ios_w1.1.release.xcconfig */,
				4222C041E373F6D861E48C38 /* Pods-Flix_ios_w1.1Tests.debug.xcconfig */,
				D0032B431E0ACF023EBACDFA /* Pods-Flix_ios_w1.1Tests.release.xcconfig */,
				59F23943C0CB20B6CC6A9E9F /* Pods-Flix_ios_w1.1UITests.debug.xcconfig */,
				858C56D7E808EF0DDFD11498 /* Pods-Flix_ios_w1.1UITests.release.xcconfig */,
			);
			name = Pods;
			sourceTree = "<group>";
		};
/* End PBXGroup section */

/* Begin PBXNativeTarget section */
		B9AB0322213BC4A2001F14EA /* Flix_ios_w1.1 */ = {
			isa = PBXNativeTarget;
			buildConfigurationList = B9AB034B213BC4A2001F14EA /* Build configuration list for PBXNativeTarget "Flix_ios_w1.1" */;
			buildPhases = (
				6064BA71C2BD6AB36B234C4C /* [CP] Check Pods Manifest.lock */,
				B9AB031F213BC4A2001F14EA /* Sources */,
				B9AB0320213BC4A2001F14EA /* Frameworks */,
				B9AB0321213BC4A2001F14EA /* Resources */,
				E0A26920F6978F737F93A902 /* [CP] Embed Pods Frameworks */,
			);
			buildRules = (
			);
			dependencies = (
			);
			name = Flix_ios_w1.1;
			productName = Flix_ios_w1.1;
			productReference = B9AB0323213BC4A2001F14EA /* Flix_ios_w1.1.app */;
			productType = "com.apple.product-type.application";
		};
		B9AB0336213BC4A2001F14EA /* Flix_ios_w1.1Tests */ = {
			isa = PBXNativeTarget;
			buildConfigurationList = B9AB034E213BC4A2001F14EA /* Build configuration list for PBXNativeTarget "Flix_ios_w1.1Tests" */;
			buildPhases = (
				1096208A1C29BD37E84B9032 /* [CP] Check Pods Manifest.lock */,
				B9AB0333213BC4A2001F14EA /* Sources */,
				B9AB0334213BC4A2001F14EA /* Frameworks */,
				B9AB0335213BC4A2001F14EA /* Resources */,
			);
			buildRules = (
			);
			dependencies = (
				B9AB0339213BC4A2001F14EA /* PBXTargetDependency */,
			);
			name = Flix_ios_w1.1Tests;
			productName = Flix_ios_w1.1Tests;
			productReference = B9AB0337213BC4A2001F14EA /* Flix_ios_w1.1Tests.xctest */;
			productType = "com.apple.product-type.bundle.unit-test";
		};
		B9AB0341213BC4A2001F14EA /* Flix_ios_w1.1UITests */ = {
			isa = PBXNativeTarget;
			buildConfigurationList = B9AB0351213BC4A2001F14EA /* Build configuration list for PBXNativeTarget "Flix_ios_w1.1UITests" */;
			buildPhases = (
				FE28DA9A5FBE91C6769AC1D9 /* [CP] Check Pods Manifest.lock */,
				B9AB033E213BC4A2001F14EA /* Sources */,
				B9AB033F213BC4A2001F14EA /* Frameworks */,
				B9AB0340213BC4A2001F14EA /* Resources */,
			);
			buildRules = (
			);
			dependencies = (
				B9AB0344213BC4A2001F14EA /* PBXTargetDependency */,
			);
			name = Flix_ios_w1.1UITests;
			productName = Flix_ios_w1.1UITests;
			productReference = B9AB0342213BC4A2001F14EA /* Flix_ios_w1.1UITests.xctest */;
			productType = "com.apple.product-type.bundle.ui-testing";
		};
/* End PBXNativeTarget section */

/* Begin PBXProject section */
		B9AB031B213BC4A2001F14EA /* Project object */ = {
			isa = PBXProject;
			attributes = {
				LastSwiftUpdateCheck = 0920;
				LastUpgradeCheck = 0920;
				ORGANIZATIONNAME = "Jinan Huang";
				TargetAttributes = {
					B9AB0322213BC4A2001F14EA = {
						CreatedOnToolsVersion = 9.2;
						ProvisioningStyle = Automatic;
					};
					B9AB0336213BC4A2001F14EA = {
						CreatedOnToolsVersion = 9.2;
						ProvisioningStyle = Automatic;
						TestTargetID = B9AB0322213BC4A2001F14EA;
					};
					B9AB0341213BC4A2001F14EA = {
						CreatedOnToolsVersion = 9.2;
						ProvisioningStyle = Automatic;
						TestTargetID = B9AB0322213BC4A2001F14EA;
					};
				};
			};
			buildConfigurationList = B9AB031E213BC4A2001F14EA /* Build configuration list for PBXProject "Flix_ios_w1.1" */;
			compatibilityVersion = "Xcode 8.0";
			developmentRegion = en;
			hasScannedForEncodings = 0;
			knownRegions = (
				en,
				Base,
			);
			mainGroup = B9AB031A213BC4A2001F14EA;
			productRefGroup = B9AB0324213BC4A2001F14EA /* Products */;
			projectDirPath = "";
			projectRoot = "";
			targets = (
				B9AB0322213BC4A2001F14EA /* Flix_ios_w1.1 */,
				B9AB0336213BC4A2001F14EA /* Flix_ios_w1.1Tests */,
				B9AB0341213BC4A2001F14EA /* Flix_ios_w1.1UITests */,
			);
		};
/* End PBXProject section */

/* Begin PBXResourcesBuildPhase section */
		B9AB0321213BC4A2001F14EA /* Resources */ = {
			isa = PBXResourcesBuildPhase;
			buildActionMask = 2147483647;
			files = (
				B9AB0331213BC4A2001F14EA /* LaunchScreen.storyboard in Resources */,
				B9AB032E213BC4A2001F14EA /* Assets.xcassets in Resources */,
				B9AB032C213BC4A2001F14EA /* Main.storyboard in Resources */,
			);
			runOnlyForDeploymentPostprocessing = 0;
		};
		B9AB0335213BC4A2001F14EA /* Resources */ = {
			isa = PBXResourcesBuildPhase;
			buildActionMask = 2147483647;
			files = (
			);
			runOnlyForDeploymentPostprocessing = 0;
		};
		B9AB0340213BC4A2001F14EA /* Resources */ = {
			isa = PBXResourcesBuildPhase;
			buildActionMask = 2147483647;
			files = (
			);
			runOnlyForDeploymentPostprocessing = 0;
		};
/* End PBXResourcesBuildPhase section */

/* Begin PBXShellScriptBuildPhase section */
		1096208A1C29BD37E84B9032 /* [CP] Check Pods Manifest.lock */ = {
			isa = PBXShellScriptBuildPhase;
			buildActionMask = 2147483647;
			files = (
			);
			inputPaths = (
				"${PODS_PODFILE_DIR_PATH}/Podfile.lock",
				"${PODS_ROOT}/Manifest.lock",
			);
			name = "[CP] Check Pods Manifest.lock";
			outputPaths = (
				"$(DERIVED_FILE_DIR)/Pods-Flix_ios_w1.1Tests-checkManifestLockResult.txt",
			);
			runOnlyForDeploymentPostprocessing = 0;
			shellPath = /bin/sh;
			shellScript = "diff \"${PODS_PODFILE_DIR_PATH}/Podfile.lock\" \"${PODS_ROOT}/Manifest.lock\" > /dev/null\nif [ $? != 0 ] ; then\n    # print error to STDERR\n    echo \"error: The sandbox is not in sync with the Podfile.lock. Run 'pod install' or update your CocoaPods installation.\" >&2\n    exit 1\nfi\n# This output is used by Xcode 'outputs' to avoid re-running this script phase.\necho \"SUCCESS\" > \"${SCRIPT_OUTPUT_FILE_0}\"\n";
			showEnvVarsInLog = 0;
		};
		6064BA71C2BD6AB36B234C4C /* [CP] Check Pods Manifest.lock */ = {
			isa = PBXShellScriptBuildPhase;
			buildActionMask = 2147483647;
			files = (
			);
			inputPaths = (
				"${PODS_PODFILE_DIR_PATH}/Podfile.lock",
				"${PODS_ROOT}/Manifest.lock",
			);
			name = "[CP] Check Pods Manifest.lock";
			outputPaths = (
				"$(DERIVED_FILE_DIR)/Pods-Flix_ios_w1.1-checkManifestLockResult.txt",
			);
			runOnlyForDeploymentPostprocessing = 0;
			shellPath = /bin/sh;
			shellScript = "diff \"${PODS_PODFILE_DIR_PATH}/Podfile.lock\" \"${PODS_ROOT}/Manifest.lock\" > /dev/null\nif [ $? != 0 ] ; then\n    # print error to STDERR\n    echo \"error: The sandbox is not in sync with the Podfile.lock. Run 'pod install' or update your CocoaPods installation.\" >&2\n    exit 1\nfi\n# This output is used by Xcode 'outputs' to avoid re-running this script phase.\necho \"SUCCESS\" > \"${SCRIPT_OUTPUT_FILE_0}\"\n";
			showEnvVarsInLog = 0;
		};
		E0A26920F6978F737F93A902 /* [CP] Embed Pods Frameworks */ = {
			isa = PBXShellScriptBuildPhase;
			buildActionMask = 2147483647;
			files = (
			);
			inputPaths = (
				"${SRCROOT}/Pods/Target Support Files/Pods-Flix_ios_w1.1/Pods-Flix_ios_w1.1-frameworks.sh",
				"${BUILT_PRODUCTS_DIR}/Alamofire/Alamofire.framework",
				"${BUILT_PRODUCTS_DIR}/AlamofireImage/AlamofireImage.framework",
			);
			name = "[CP] Embed Pods Frameworks";
			outputPaths = (
				"${TARGET_BUILD_DIR}/${FRAMEWORKS_FOLDER_PATH}/Alamofire.framework",
				"${TARGET_BUILD_DIR}/${FRAMEWORKS_FOLDER_PATH}/AlamofireImage.framework",
			);
			runOnlyForDeploymentPostprocessing = 0;
			shellPath = /bin/sh;
			shellScript = "\"${SRCROOT}/Pods/Target Support Files/Pods-Flix_ios_w1.1/Pods-Flix_ios_w1.1-frameworks.sh\"\n";
			showEnvVarsInLog = 0;
		};
		FE28DA9A5FBE91C6769AC1D9 /* [CP] Check Pods Manifest.lock */ = {
			isa = PBXShellScriptBuildPhase;
			buildActionMask = 2147483647;
			files = (
			);
			inputPaths = (
				"${PODS_PODFILE_DIR_PATH}/Podfile.lock",
				"${PODS_ROOT}/Manifest.lock",
			);
			name = "[CP] Check Pods Manifest.lock";
			outputPaths = (
				"$(DERIVED_FILE_DIR)/Pods-Flix_ios_w1.1UITests-checkManifestLockResult.txt",
			);
			runOnlyForDeploymentPostprocessing = 0;
			shellPath = /bin/sh;
			shellScript = "diff \"${PODS_PODFILE_DIR_PATH}/Podfile.lock\" \"${PODS_ROOT}/Manifest.lock\" > /dev/null\nif [ $? != 0 ] ; then\n    # print error to STDERR\n    echo \"error: The sandbox is not in sync with the Podfile.lock. Run 'pod install' or update your CocoaPods installation.\" >&2\n    exit 1\nfi\n# This output is used by Xcode 'outputs' to avoid re-running this script phase.\necho \"SUCCESS\" > \"${SCRIPT_OUTPUT_FILE_0}\"\n";
			showEnvVarsInLog = 0;
		};
/* End PBXShellScriptBuildPhase section */

/* Begin PBXSourcesBuildPhase section */
		B9AB031F213BC4A2001F14EA /* Sources */ = {
			isa = PBXSourcesBuildPhase;
			buildActionMask = 2147483647;
			files = (
				B9AB0327213BC4A2001F14EA /* AppDelegate.swift in Sources */,
				B97F98BF2140AC520083332C /* NowPlayingViewController.swift in Sources */,
				B97F98BD214072290083332C /* MovieCell.swift in Sources */,
				B9738001214642B00032F9B6 /* DetailViewController.swift in Sources */,
			);
			runOnlyForDeploymentPostprocessing = 0;
		};
		B9AB0333213BC4A2001F14EA /* Sources */ = {
			isa = PBXSourcesBuildPhase;
			buildActionMask = 2147483647;
			files = (
				B9AB033C213BC4A2001F14EA /* Flix_ios_w1_1Tests.swift in Sources */,
			);
			runOnlyForDeploymentPostprocessing = 0;
		};
		B9AB033E213BC4A2001F14EA /* Sources */ = {
			isa = PBXSourcesBuildPhase;
			buildActionMask = 2147483647;
			files = (
				B9AB0347213BC4A2001F14EA /* Flix_ios_w1_1UITests.swift in Sources */,
			);
			runOnlyForDeploymentPostprocessing = 0;
		};
/* End PBXSourcesBuildPhase section */

/* Begin PBXTargetDependency section */
		B9AB0339213BC4A2001F14EA /* PBXTargetDependency */ = {
			isa = PBXTargetDependency;
			target = B9AB0322213BC4A2001F14EA /* Flix_ios_w1.1 */;
			targetProxy = B9AB0338213BC4A2001F14EA /* PBXContainerItemProxy */;
		};
		B9AB0344213BC4A2001F14EA /* PBXTargetDependency */ = {
			isa = PBXTargetDependency;
			target = B9AB0322213BC4A2001F14EA /* Flix_ios_w1.1 */;
			targetProxy = B9AB0343213BC4A2001F14EA /* PBXContainerItemProxy */;
		};
/* End PBXTargetDependency section */

/* Begin PBXVariantGroup section */
		B9AB032A213BC4A2001F14EA /* Main.storyboard */ = {
			isa = PBXVariantGroup;
			children = (
				B9AB032B213BC4A2001F14EA /* Base */,
			);
			name = Main.storyboard;
			sourceTree = "<group>";
		};
		B9AB032F213BC4A2001F14EA /* LaunchScreen.storyboard */ = {
			isa = PBXVariantGroup;
			children = (
				B9AB0330213BC4A2001F14EA /* Base */,
			);
			name = LaunchScreen.storyboard;
			sourceTree = "<group>";
		};
/* End PBXVariantGroup section */

/* Begin XCBuildConfiguration section */
		B9AB0349213BC4A2001F14EA /* Debug */ = {
			isa = XCBuildConfiguration;
			buildSettings = {
				ALWAYS_SEARCH_USER_PATHS = NO;
				CLANG_ANALYZER_NONNULL = YES;
				CLANG_ANALYZER_NUMBER_OBJECT_CONVERSION = YES_AGGRESSIVE;
				CLANG_CXX_LANGUAGE_STANDARD = "gnu++14";
				CLANG_CXX_LIBRARY = "libc++";
				CLANG_ENABLE_MODULES = YES;
				CLANG_ENABLE_OBJC_ARC = YES;
				CLANG_WARN_BLOCK_CAPTURE_AUTORELEASING = YES;
				CLANG_WARN_BOOL_CONVERSION = YES;
				CLANG_WARN_COMMA = YES;
				CLANG_WARN_CONSTANT_CONVERSION = YES;
				CLANG_WARN_DIRECT_OBJC_ISA_USAGE = YES_ERROR;
				CLANG_WARN_DOCUMENTATION_COMMENTS = YES;
				CLANG_WARN_EMPTY_BODY = YES;
				CLANG_WARN_ENUM_CONVERSION = YES;
				CLANG_WARN_INFINITE_RECURSION = YES;
				CLANG_WARN_INT_CONVERSION = YES;
				CLANG_WARN_NON_LITERAL_NULL_CONVERSION = YES;
				CLANG_WARN_OBJC_LITERAL_CONVERSION = YES;
				CLANG_WARN_OBJC_ROOT_CLASS = YES_ERROR;
				CLANG_WARN_RANGE_LOOP_ANALYSIS = YES;
				CLANG_WARN_STRICT_PROTOTYPES = YES;
				CLANG_WARN_SUSPICIOUS_MOVE = YES;
				CLANG_WARN_UNGUARDED_AVAILABILITY = YES_AGGRESSIVE;
				CLANG_WARN_UNREACHABLE_CODE = YES;
				CLANG_WARN__DUPLICATE_METHOD_MATCH = YES;
				CODE_SIGN_IDENTITY = "iPhone Developer";
				COPY_PHASE_STRIP = NO;
				DEBUG_INFORMATION_FORMAT = dwarf;
				ENABLE_STRICT_OBJC_MSGSEND = YES;
				ENABLE_TESTABILITY = YES;
				GCC_C_LANGUAGE_STANDARD = gnu11;
				GCC_DYNAMIC_NO_PIC = NO;
				GCC_NO_COMMON_BLOCKS = YES;
				GCC_OPTIMIZATION_LEVEL = 0;
				GCC_PREPROCESSOR_DEFINITIONS = (
					"DEBUG=1",
					"$(inherited)",
				);
				GCC_WARN_64_TO_32_BIT_CONVERSION = YES;
				GCC_WARN_ABOUT_RETURN_TYPE = YES_ERROR;
				GCC_WARN_UNDECLARED_SELECTOR = YES;
				GCC_WARN_UNINITIALIZED_AUTOS = YES_AGGRESSIVE;
				GCC_WARN_UNUSED_FUNCTION = YES;
				GCC_WARN_UNUSED_VARIABLE = YES;
				IPHONEOS_DEPLOYMENT_TARGET = 11.2;
				MTL_ENABLE_DEBUG_INFO = YES;
				ONLY_ACTIVE_ARCH = YES;
				SDKROOT = iphoneos;
				SWIFT_ACTIVE_COMPILATION_CONDITIONS = DEBUG;
				SWIFT_OPTIMIZATION_LEVEL = "-Onone";
			};
			name = Debug;
		};
		B9AB034A213BC4A2001F14EA /* Release */ = {
			isa = XCBuildConfiguration;
			buildSettings = {
				ALWAYS_SEARCH_USER_PATHS = NO;
				CLANG_ANALYZER_NONNULL = YES;
				CLANG_ANALYZER_NUMBER_OBJECT_CONVERSION = YES_AGGRESSIVE;
				CLANG_CXX_LANGUAGE_STANDARD = "gnu++14";
				CLANG_CXX_LIBRARY = "libc++";
				CLANG_ENABLE_MODULES = YES;
				CLANG_ENABLE_OBJC_ARC = YES;
				CLANG_WARN_BLOCK_CAPTURE_AUTORELEASING = YES;
				CLANG_WARN_BOOL_CONVERSION = YES;
				CLANG_WARN_COMMA = YES;
				CLANG_WARN_CONSTANT_CONVERSION = YES;
				CLANG_WARN_DIRECT_OBJC_ISA_USAGE = YES_ERROR;
				CLANG_WARN_DOCUMENTATION_COMMENTS = YES;
				CLANG_WARN_EMPTY_BODY = YES;
				CLANG_WARN_ENUM_CONVERSION = YES;
				CLANG_WARN_INFINITE_RECURSION = YES;
				CLANG_WARN_INT_CONVERSION = YES;
				CLANG_WARN_NON_LITERAL_NULL_CONVERSION = YES;
				CLANG_WARN_OBJC_LITERAL_CONVERSION = YES;
				CLANG_WARN_OBJC_ROOT_CLASS = YES_ERROR;
				CLANG_WARN_RANGE_LOOP_ANALYSIS = YES;
				CLANG_WARN_STRICT_PROTOTYPES = YES;
				CLANG_WARN_SUSPICIOUS_MOVE = YES;
				CLANG_WARN_UNGUARDED_AVAILABILITY = YES_AGGRESSIVE;
				CLANG_WARN_UNREACHABLE_CODE = YES;
				CLANG_WARN__DUPLICATE_METHOD_MATCH = YES;
				CODE_SIGN_IDENTITY = "iPhone Developer";
				COPY_PHASE_STRIP = NO;
				DEBUG_INFORMATION_FORMAT = "dwarf-with-dsym";
				ENABLE_NS_ASSERTIONS = NO;
				ENABLE_STRICT_OBJC_MSGSEND = YES;
				GCC_C_LANGUAGE_STANDARD = gnu11;
				GCC_NO_COMMON_BLOCKS = YES;
				GCC_WARN_64_TO_32_BIT_CONVERSION = YES;
				GCC_WARN_ABOUT_RETURN_TYPE = YES_ERROR;
				GCC_WARN_UNDECLARED_SELECTOR = YES;
				GCC_WARN_UNINITIALIZED_AUTOS = YES_AGGRESSIVE;
				GCC_WARN_UNUSED_FUNCTION = YES;
				GCC_WARN_UNUSED_VARIABLE = YES;
				IPHONEOS_DEPLOYMENT_TARGET = 11.2;
				MTL_ENABLE_DEBUG_INFO = NO;
				SDKROOT = iphoneos;
				SWIFT_OPTIMIZATION_LEVEL = "-Owholemodule";
				VALIDATE_PRODUCT = YES;
			};
			name = Release;
		};
		B9AB034C213BC4A2001F14EA /* Debug */ = {
			isa = XCBuildConfiguration;
			baseConfigurationReference = B5A167AFB28A667AC2A7C0F0 /* Pods-Flix_ios_w1.1.debug.xcconfig */;
			buildSettings = {
				ASSETCATALOG_COMPILER_APPICON_NAME = AppIcon;
				CODE_SIGN_STYLE = Automatic;
				INFOPLIST_FILE = Flix_ios_w1.1/Info.plist;
				LD_RUNPATH_SEARCH_PATHS = "$(inherited) @executable_path/Frameworks";
				PRODUCT_BUNDLE_IDENTIFIER = "-.Flix-ios-w1-1";
				PRODUCT_NAME = "$(TARGET_NAME)";
				SWIFT_VERSION = 4.0;
				TARGETED_DEVICE_FAMILY = "1,2";
			};
			name = Debug;
		};
		B9AB034D213BC4A2001F14EA /* Release */ = {
			isa = XCBuildConfiguration;
			baseConfigurationReference = 931EC0D35CFED23404BACCEA /* Pods-Flix_ios_w1.1.release.xcconfig */;
			buildSettings = {
				ASSETCATALOG_COMPILER_APPICON_NAME = AppIcon;
				CODE_SIGN_STYLE = Automatic;
				INFOPLIST_FILE = Flix_ios_w1.1/Info.plist;
				LD_RUNPATH_SEARCH_PATHS = "$(inherited) @executable_path/Frameworks";
				PRODUCT_BUNDLE_IDENTIFIER = "-.Flix-ios-w1-1";
				PRODUCT_NAME = "$(TARGET_NAME)";
				SWIFT_VERSION = 4.0;
				TARGETED_DEVICE_FAMILY = "1,2";
			};
			name = Release;
		};
		B9AB034F213BC4A2001F14EA /* Debug */ = {
			isa = XCBuildConfiguration;
			baseConfigurationReference = 4222C041E373F6D861E48C38 /* Pods-Flix_ios_w1.1Tests.debug.xcconfig */;
			buildSettings = {
				ALWAYS_EMBED_SWIFT_STANDARD_LIBRARIES = YES;
				BUNDLE_LOADER = "$(TEST_HOST)";
				CODE_SIGN_STYLE = Automatic;
				INFOPLIST_FILE = Flix_ios_w1.1Tests/Info.plist;
				LD_RUNPATH_SEARCH_PATHS = "$(inherited) @executable_path/Frameworks @loader_path/Frameworks";
				PRODUCT_BUNDLE_IDENTIFIER = "-.Flix-ios-w1-1Tests";
				PRODUCT_NAME = "$(TARGET_NAME)";
				SWIFT_VERSION = 4.0;
				TARGETED_DEVICE_FAMILY = "1,2";
				TEST_HOST = "$(BUILT_PRODUCTS_DIR)/Flix_ios_w1.1.app/Flix_ios_w1.1";
			};
			name = Debug;
		};
		B9AB0350213BC4A2001F14EA /* Release */ = {
			isa = XCBuildConfiguration;
			baseConfigurationReference = D0032B431E0ACF023EBACDFA /* Pods-Flix_ios_w1.1Tests.release.xcconfig */;
			buildSettings = {
				ALWAYS_EMBED_SWIFT_STANDARD_LIBRARIES = YES;
				BUNDLE_LOADER = "$(TEST_HOST)";
				CODE_SIGN_STYLE = Automatic;
				INFOPLIST_FILE = Flix_ios_w1.1Tests/Info.plist;
				LD_RUNPATH_SEARCH_PATHS = "$(inherited) @executable_path/Frameworks @loader_path/Frameworks";
				PRODUCT_BUNDLE_IDENTIFIER = "-.Flix-ios-w1-1Tests";
				PRODUCT_NAME = "$(TARGET_NAME)";
				SWIFT_VERSION = 4.0;
				TARGETED_DEVICE_FAMILY = "1,2";
				TEST_HOST = "$(BUILT_PRODUCTS_DIR)/Flix_ios_w1.1.app/Flix_ios_w1.1";
			};
			name = Release;
		};
		B9AB0352213BC4A2001F14EA /* Debug */ = {
			isa = XCBuildConfiguration;
			baseConfigurationReference = 59F23943C0CB20B6CC6A9E9F /* Pods-Flix_ios_w1.1UITests.debug.xcconfig */;
			buildSettings = {
				ALWAYS_EMBED_SWIFT_STANDARD_LIBRARIES = YES;
				CODE_SIGN_STYLE = Automatic;
				INFOPLIST_FILE = Flix_ios_w1.1UITests/Info.plist;
				LD_RUNPATH_SEARCH_PATHS = "$(inherited) @executable_path/Frameworks @loader_path/Frameworks";
				PRODUCT_BUNDLE_IDENTIFIER = "-.Flix-ios-w1-1UITests";
				PRODUCT_NAME = "$(TARGET_NAME)";
				SWIFT_VERSION = 4.0;
				TARGETED_DEVICE_FAMILY = "1,2";
				TEST_TARGET_NAME = Flix_ios_w1.1;
			};
			name = Debug;
		};
		B9AB0353213BC4A2001F14EA /* Release */ = {
			isa = XCBuildConfiguration;
			baseConfigurationReference = 858C56D7E808EF0DDFD11498 /* Pods-Flix_ios_w1.1UITests.release.xcconfig */;
			buildSettings = {
				ALWAYS_EMBED_SWIFT_STANDARD_LIBRARIES = YES;
				CODE_SIGN_STYLE = Automatic;
				INFOPLIST_FILE = Flix_ios_w1.1UITests/Info.plist;
				LD_RUNPATH_SEARCH_PATHS = "$(inherited) @executable_path/Frameworks @loader_path/Frameworks";
				PRODUCT_BUNDLE_IDENTIFIER = "-.Flix-ios-w1-1UITests";
				PRODUCT_NAME = "$(TARGET_NAME)";
				SWIFT_VERSION = 4.0;
				TARGETED_DEVICE_FAMILY = "1,2";
				TEST_TARGET_NAME = Flix_ios_w1.1;
			};
			name = Release;
		};
/* End XCBuildConfiguration section */

/* Begin XCConfigurationList section */
		B9AB031E213BC4A2001F14EA /* Build configuration list for PBXProject "Flix_ios_w1.1" */ = {
			isa = XCConfigurationList;
			buildConfigurations = (
				B9AB0349213BC4A2001F14EA /* Debug */,
				B9AB034A213BC4A2001F14EA /* Release */,
			);
			defaultConfigurationIsVisible = 0;
			defaultConfigurationName = Release;
		};
		B9AB034B213BC4A2001F14EA /* Build configuration list for PBXNativeTarget "Flix_ios_w1.1" */ = {
			isa = XCConfigurationList;
			buildConfigurations = (
				B9AB034C213BC4A2001F14EA /* Debug */,
				B9AB034D213BC4A2001F14EA /* Release */,
			);
			defaultConfigurationIsVisible = 0;
			defaultConfigurationName = Release;
		};
		B9AB034E213BC4A2001F14EA /* Build configuration list for PBXNativeTarget "Flix_ios_w1.1Tests" */ = {
			isa = XCConfigurationList;
			buildConfigurations = (
				B9AB034F213BC4A2001F14EA /* Debug */,
				B9AB0350213BC4A2001F14EA /* Release */,
			);
			defaultConfigurationIsVisible = 0;
			defaultConfigurationName = Release;
		};
		B9AB0351213BC4A2001F14EA /* Build configuration list for PBXNativeTarget "Flix_ios_w1.1UITests" */ = {
			isa = XCConfigurationList;
			buildConfigurations = (
				B9AB0352213BC4A2001F14EA /* Debug */,
				B9AB0353213BC4A2001F14EA /* Release */,
			);
			defaultConfigurationIsVisible = 0;
			defaultConfigurationName = Release;
		};
/* End XCConfigurationList section */
	};
	rootObject = B9AB031B213BC4A2001F14EA /* Project object */;
}
